{
  "originHash" : "6e305ba4938338c90e40b4c4e75fcf49992b9048f4c233b9f4d7874954659afc",
  "pins" : [
    {
      "identity" : "melo-controller",
      "kind" : "remoteSourceControl",
      "location" : "https://github.com/stossy11/Melo-Controller",
      "state" : {
        "branch" : "main",
        "revision" : "efe0373ede6ca4dc7d6533d7fa47ad52b4230fe8"
      }
    },
    {
      "identity" : "navigation-stack-backport",
      "kind" : "remoteSourceControl",
      "location" : "https://github.com/lm/navigation-stack-backport",
      "state" : {
        "revision" : "55acfe7693c233ddc7f62f887f0df6ebd779ef01",
        "version" : "1.1.0"
      }
    }
  ],
  "version" : 3
}
